{
  "name": "red-contrib-st-opc-da",
  "version": "1.0.9",
  "lockfileVersion": 3,
  "requires": true,
  "packages": {
    "": {
      "name": "red-contrib-st-opc-da",
      "version": "1.0.9",
      "license": "MIT",
      "dependencies": {
        "st-opc-da": "github:SerafinTech/node-st-opc-da"
      }
    },
    "node_modules/st-opc-da": {
      "version": "1.0.3",
      "resolved": "git+ssh://git@github.com/SerafinTech/node-st-opc-da.git#e8e7b0d9d32cd81e030be2821727f82a6ddaddcd",
      "license": "ISC"
    }
  }
}
